{
  "nodes": {
    "nixpkgs": {
      "locked": {
        "lastModified": 1687502512,
        "narHash": "sha256-dBL/01TayOSZYxtY4cMXuNCBk8UMLoqRZA+94xiFpJA=",
        "owner": "nixos",
        "repo": "nixpkgs",
        "rev": "3ae20aa58a6c0d1ca95c9b11f59a2d12eebc511f",
        "type": "github"
      },
      "original": {
        "owner": "nixos",
        "ref": "nixos-unstable",
        "repo": "nixpkgs",
        "type": "github"
      }
    },
    "nwg-look-git": {
      "flake": false,
      "locked": {
        "lastModified": 1684887049,
        "narHash": "sha256-qA6X1Rr1qEv2H86edNNMpxOggNamc5PdZXmc6cdz9oc=",
        "owner": "nwg-piotr",
        "repo": "nwg-look",
        "rev": "c78dfef7f9a98893efdbb978ed7b616c822aeed6",
        "type": "github"
      },
      "original": {
        "owner": "nwg-piotr",
        "repo": "nwg-look",
        "type": "github"
      }
    },
    "root": {
      "inputs": {
        "nixpkgs": "nixpkgs",
        "nwg-look-git": "nwg-look-git"
      }
    }
  },
  "root": "root",
  "version": 7
}
